
Microsoft Visual Studio Solution File, Format Version 12.00
# Visual Studio Version 17
VisualStudioVersion = 17.3.32901.215
MinimumVisualStudioVersion = 10.0.40219.1
Project("{FAE04EC0-301F-11D3-BF4B-00C04F79EFBC}") = "BaseballCalcASP", "BaseballCalcASP\BaseballCalcASP.csproj", "{1C4812E5-54BE-466D-9FEF-9E93377E213E}"
EndProject
Project("{FAE04EC0-301F-11D3-BF4B-00C04F79EFBC}") = "BaseballModelsLib", "..\BaseballModelsLib\BaseballModelsLib.csproj", "{2654ACA2-75D6-4467-946A-E9758BCC6D00}"
EndProject
Global
	GlobalSection(SolutionConfigurationPlatforms) = preSolution
		Debug|Any CPU = Debug|Any CPU
		Release|Any CPU = Release|Any CPU
	EndGlobalSection
	GlobalSection(ProjectConfigurationPlatforms) = postSolution
		{1C4812E5-54BE-466D-9FEF-9E93377E213E}.Debug|Any CPU.ActiveCfg = Debug|Any CPU
		{1C4812E5-54BE-466D-9FEF-9E93377E213E}.Debug|Any CPU.Build.0 = Debug|Any CPU
		{1C4812E5-54BE-466D-9FEF-9E93377E213E}.Release|Any CPU.ActiveCfg = Release|Any CPU
		{1C4812E5-54BE-466D-9FEF-9E93377E213E}.Release|Any CPU.Build.0 = Release|Any CPU
		{2654ACA2-75D6-4467-946A-E9758BCC6D00}.Debug|Any CPU.ActiveCfg = Debug|Any CPU
		{2654ACA2-75D6-4467-946A-E9758BCC6D00}.Debug|Any CPU.Build.0 = Debug|Any CPU
		{2654ACA2-75D6-4467-946A-E9758BCC6D00}.Release|Any CPU.ActiveCfg = Release|Any CPU
		{2654ACA2-75D6-4467-946A-E9758BCC6D00}.Release|Any CPU.Build.0 = Release|Any CPU
	EndGlobalSection
	GlobalSection(SolutionProperties) = preSolution
		HideSolutionNode = FALSE
	EndGlobalSection
	GlobalSection(ExtensibilityGlobals) = postSolution
		SolutionGuid = {6D968316-34AF-4A8C-909F-C78B720362B1}
	EndGlobalSection
EndGlobal
